
Microsoft Visual Studio Solution File, Format Version 12.00
# Visual Studio Version 17
VisualStudioVersion = 17.10.35013.160
MinimumVisualStudioVersion = 10.0.40219.1
Project("{FAE04EC0-301F-11D3-BF4B-00C04F79EFBC}") = "PegPayKYC", "PegPayKYC\PegPayKYC.csproj", "{59E5D089-B362-4730-9518-D0034A6041D4}"
EndProject
Project("{FAE04EC0-301F-11D3-BF4B-00C04F79EFBC}") = "NiraApiIntegrationService", "NiraApiIntegrationService\NiraApiIntegrationService.csproj", "{5188B08F-A1CB-457F-A199-B486B86DAEFA}"
EndProject
Global
	GlobalSection(SolutionConfigurationPlatforms) = preSolution
		Debug|Any CPU = Debug|Any CPU
		Release|Any CPU = Release|Any CPU
	EndGlobalSection
	GlobalSection(ProjectConfigurationPlatforms) = postSolution
		{59E5D089-B362-4730-9518-D0034A6041D4}.Debug|Any CPU.ActiveCfg = Debug|Any CPU
		{59E5D089-B362-4730-9518-D0034A6041D4}.Debug|Any CPU.Build.0 = Debug|Any CPU
		{59E5D089-B362-4730-9518-D0034A6041D4}.Release|Any CPU.ActiveCfg = Release|Any CPU
		{59E5D089-B362-4730-9518-D0034A6041D4}.Release|Any CPU.Build.0 = Release|Any CPU
		{5188B08F-A1CB-457F-A199-B486B86DAEFA}.Debug|Any CPU.ActiveCfg = Debug|Any CPU
		{5188B08F-A1CB-457F-A199-B486B86DAEFA}.Debug|Any CPU.Build.0 = Debug|Any CPU
		{5188B08F-A1CB-457F-A199-B486B86DAEFA}.Release|Any CPU.ActiveCfg = Release|Any CPU
		{5188B08F-A1CB-457F-A199-B486B86DAEFA}.Release|Any CPU.Build.0 = Release|Any CPU
	EndGlobalSection
	GlobalSection(SolutionProperties) = preSolution
		HideSolutionNode = FALSE
	EndGlobalSection
	GlobalSection(ExtensibilityGlobals) = postSolution
		SolutionGuid = {834ADAE1-578E-4CBA-BCD6-00FC92693449}
	EndGlobalSection
EndGlobal
